// !$*UTF8*$!
{
	archiveVersion = 1;
	classes = {
	};
	objectVersion = 53;
	objects = {

/* Begin PBXBuildFile section */
		BB7803321E5C735A00A5920B /* AppDelegate.swift in Sources */ = {isa = PBXBuildFile; fileRef = BB7803311E5C735A00A5920B /* AppDelegate.swift */; };
		BB7803341E5C735A00A5920B /* ViewController.swift in Sources */ = {isa = PBXBuildFile; fileRef = BB7803331E5C735A00A5920B /* ViewController.swift */; };
		BB7803371E5C735A00A5920B /* Main.storyboard in Resources */ = {isa = PBXBuildFile; fileRef = BB7803351E5C735A00A5920B /* Main.storyboard */; };
		BB7803391E5C735A00A5920B /* Assets.xcassets in Resources */ = {isa = PBXBuildFile; fileRef = BB7803381E5C735A00A5920B /* Assets.xcassets */; };
		BB78033C1E5C735A00A5920B /* LaunchScreen.storyboard in Resources */ = {isa = PBXBuildFile; fileRef = BB78033A1E5C735A00A5920B /* LaunchScreen.storyboard */; };
		BB7803611E5C73E800A5920B /* JHNetwork.swift in Sources */ = {isa = PBXBuildFile; fileRef = BB7803601E5C73E800A5920B /* JHNetwork.swift */; };
		BB7C8FD61F18A96C0075F795 /* star@2x.png in Resources */ = {isa = PBXBuildFile; fileRef = BB7C8FD51F18A96C0075F795 /* star@2x.png */; };
		BB80C8552A56719900A370AB /* DemoResp.swift in Sources */ = {isa = PBXBuildFile; fileRef = BB80C8542A56719900A370AB /* DemoResp.swift */; };
		E316A6943CEBE0BF6CAE9179 /* Pods_JHNetwork.framework in Frameworks */ = {isa = PBXBuildFile; fileRef = 8039C95E33E4C812C80851F4 /* Pods_JHNetwork.framework */; };
/* End PBXBuildFile section */

/* Begin PBXContainerItemProxy section */
		BB7803431E5C735A00A5920B /* PBXContainerItemProxy */ = {
			isa = PBXContainerItemProxy;
			containerPortal = BB7803261E5C735A00A5920B /* Project object */;
			proxyType = 1;
			remoteGlobalIDString = BB78032D1E5C735A00A5920B;
			remoteInfo = JHNetwork;
		};
		BB78034E1E5C735A00A5920B /* PBXContainerItemProxy */ = {
			isa = PBXContainerItemProxy;
			containerPortal = BB7803261E5C735A00A5920B /* Project object */;
			proxyType = 1;
			remoteGlobalIDString = BB78032D1E5C735A00A5920B;
			remoteInfo = JHNetwork;
		};
/* End PBXContainerItemProxy section */

/* Begin PBXCopyFilesBuildPhase section */
		BBAAB1781E5DE29F00E7C8D5 /* Embed Frameworks */ = {
			isa = PBXCopyFilesBuildPhase;
			buildActionMask = 2147483647;
			dstPath = "";
			dstSubfolderSpec = 10;
			files = (
			);
			name = "Embed Frameworks";
			runOnlyForDeploymentPostprocessing = 0;
		};
/* End PBXCopyFilesBuildPhase section */

/* Begin PBXFileReference section */
		13CEFDD2914150DC7136A87A /* Pods_JHNetworkUITests.framework */ = {isa = PBXFileReference; explicitFileType = wrapper.framework; includeInIndex = 0; path = Pods_JHNetworkUITests.framework; sourceTree = BUILT_PRODUCTS_DIR; };
		8039C95E33E4C812C80851F4 /* Pods_JHNetwork.framework */ = {isa = PBXFileReference; explicitFileType = wrapper.framework; includeInIndex = 0; path = Pods_JHNetwork.framework; sourceTree = BUILT_PRODUCTS_DIR; };
		92E9B3EF3EA2822EA1F93CF7 /* Pods-JHNetwork.debug.xcconfig */ = {isa = PBXFileReference; includeInIndex = 1; lastKnownFileType = text.xcconfig; name = "Pods-JHNetwork.debug.xcconfig"; path = "Pods/Target Support Files/Pods-JHNetwork/Pods-JHNetwork.debug.xcconfig"; sourceTree = "<group>"; };
		A132FC577B0133B0341A4B8D /* Pods-JHNetwork.release.xcconfig */ = {isa = PBXFileReference; includeInIndex = 1; lastKnownFileType = text.xcconfig; name = "Pods-JHNetwork.release.xcconfig"; path = "Pods/Target Support Files/Pods-JHNetwork/Pods-JHNetwork.release.xcconfig"; sourceTree = "<group>"; };
		BB70D58E1E601B4B009304EC /* JHNetwork-Bridging-Header.h */ = {isa = PBXFileReference; lastKnownFileType = sourcecode.c.h; path = "JHNetwork-Bridging-Header.h"; sourceTree = "<group>"; };
		BB78032E1E5C735A00A5920B /* JHNetwork.app */ = {isa = PBXFileReference; explicitFileType = wrapper.application; includeInIndex = 0; path = JHNetwork.app; sourceTree = BUILT_PRODUCTS_DIR; };
		BB7803311E5C735A00A5920B /* AppDelegate.swift */ = {isa = PBXFileReference; lastKnownFileType = sourcecode.swift; path = AppDelegate.swift; sourceTree = "<group>"; };
		BB7803331E5C735A00A5920B /* ViewController.swift */ = {isa = PBXFileReference; lastKnownFileType = sourcecode.swift; path = ViewController.swift; sourceTree = "<group>"; };
		BB7803361E5C735A00A5920B /* Base */ = {isa = PBXFileReference; lastKnownFileType = file.storyboard; name = Base; path = Base.lproj/Main.storyboard; sourceTree = "<group>"; };
		BB7803381E5C735A00A5920B /* Assets.xcassets */ = {isa = PBXFileReference; lastKnownFileType = folder.assetcatalog; path = Assets.xcassets; sourceTree = "<group>"; };
		BB78033B1E5C735A00A5920B /* Base */ = {isa = PBXFileReference; lastKnownFileType = file.storyboard; name = Base; path = Base.lproj/LaunchScreen.storyboard; sourceTree = "<group>"; };
		BB78033D1E5C735A00A5920B /* Info.plist */ = {isa = PBXFileReference; lastKnownFileType = text.plist.xml; path = Info.plist; sourceTree = "<group>"; };
		BB7803421E5C735A00A5920B /* JHNetworkTests.xctest */ = {isa = PBXFileReference; explicitFileType = wrapper.cfbundle; includeInIndex = 0; path = JHNetworkTests.xctest; sourceTree = BUILT_PRODUCTS_DIR; };
		BB78034D1E5C735A00A5920B /* JHNetworkUITests.xctest */ = {isa = PBXFileReference; explicitFileType = wrapper.cfbundle; includeInIndex = 0; path = JHNetworkUITests.xctest; sourceTree = BUILT_PRODUCTS_DIR; };
		BB7803601E5C73E800A5920B /* JHNetwork.swift */ = {isa = PBXFileReference; fileEncoding = 4; lastKnownFileType = sourcecode.swift; path = JHNetwork.swift; sourceTree = "<group>"; };
		BB7803641E5C812600A5920B /* Alamofire.framework */ = {isa = PBXFileReference; lastKnownFileType = wrapper.framework; name = Alamofire.framework; path = "Pods/../build/Debug-iphoneos/Alamofire.framework"; sourceTree = "<group>"; };
		BB7C8FD51F18A96C0075F795 /* star@2x.png */ = {isa = PBXFileReference; lastKnownFileType = image.png; path = "star@2x.png"; sourceTree = "<group>"; };
		BB80C8542A56719900A370AB /* DemoResp.swift */ = {isa = PBXFileReference; lastKnownFileType = sourcecode.swift; path = DemoResp.swift; sourceTree = "<group>"; };
		D0FCCE5716EC05AE1880E983 /* Pods_JHNetworkTests.framework */ = {isa = PBXFileReference; explicitFileType = wrapper.framework; includeInIndex = 0; path = Pods_JHNetworkTests.framework; sourceTree = BUILT_PRODUCTS_DIR; };
/* End PBXFileReference section */

/* Begin PBXFrameworksBuildPhase section */
		BB78032B1E5C735A00A5920B /* Frameworks */ = {
			isa = PBXFrameworksBuildPhase;
			buildActionMask = 2147483647;
			files = (
				E316A6943CEBE0BF6CAE9179 /* Pods_JHNetwork.framework in Frameworks */,
			);
			runOnlyForDeploymentPostprocessing = 0;
		};
		BB78033F1E5C735A00A5920B /* Frameworks */ = {
			isa = PBXFrameworksBuildPhase;
			buildActionMask = 2147483647;
			files = (
			);
			runOnlyForDeploymentPostprocessing = 0;
		};
		BB78034A1E5C735A00A5920B /* Frameworks */ = {
			isa = PBXFrameworksBuildPhase;
			buildActionMask = 2147483647;
			files = (
			);
			runOnlyForDeploymentPostprocessing = 0;
		};
/* End PBXFrameworksBuildPhase section */

/* Begin PBXGroup section */
		89137050EAD069EFCEAAE630 /* Pods */ = {
			isa = PBXGroup;
			children = (
				92E9B3EF3EA2822EA1F93CF7 /* Pods-JHNetwork.debug.xcconfig */,
				A132FC577B0133B0341A4B8D /* Pods-JHNetwork.release.xcconfig */,
			);
			name = Pods;
			sourceTree = "<group>";
		};
		BB7803251E5C735A00A5920B = {
			isa = PBXGroup;
			children = (
				BB7803301E5C735A00A5920B /* JHNetwork */,
				BB78032F1E5C735A00A5920B /* Products */,
				89137050EAD069EFCEAAE630 /* Pods */,
				D3E3CD2753B2AA2BE50FA33A /* Frameworks */,
			);
			sourceTree = "<group>";
		};
		BB78032F1E5C735A00A5920B /* Products */ = {
			isa = PBXGroup;
			children = (
				BB78032E1E5C735A00A5920B /* JHNetwork.app */,
				BB7803421E5C735A00A5920B /* JHNetworkTests.xctest */,
				BB78034D1E5C735A00A5920B /* JHNetworkUITests.xctest */,
			);
			name = Products;
			sourceTree = "<group>";
		};
		BB7803301E5C735A00A5920B /* JHNetwork */ = {
			isa = PBXGroup;
			children = (
				BB78035F1E5C73DD00A5920B /* JHNetwork */,
				BB7803311E5C735A00A5920B /* AppDelegate.swift */,
				BB7803331E5C735A00A5920B /* ViewController.swift */,
				BB80C8542A56719900A370AB /* DemoResp.swift */,
				BB78033D1E5C735A00A5920B /* Info.plist */,
				BB7C8FD51F18A96C0075F795 /* star@2x.png */,
				BB70D58E1E601B4B009304EC /* JHNetwork-Bridging-Header.h */,
				BB7803381E5C735A00A5920B /* Assets.xcassets */,
				BB78033A1E5C735A00A5920B /* LaunchScreen.storyboard */,
				BB7803351E5C735A00A5920B /* Main.storyboard */,
			);
			path = JHNetwork;
			sourceTree = "<group>";
		};
		BB78035F1E5C73DD00A5920B /* JHNetwork */ = {
			isa = PBXGroup;
			children = (
				BB7803601E5C73E800A5920B /* JHNetwork.swift */,
			);
			path = JHNetwork;
			sourceTree = "<group>";
		};
		D3E3CD2753B2AA2BE50FA33A /* Frameworks */ = {
			isa = PBXGroup;
			children = (
				BB7803641E5C812600A5920B /* Alamofire.framework */,
				8039C95E33E4C812C80851F4 /* Pods_JHNetwork.framework */,
				D0FCCE5716EC05AE1880E983 /* Pods_JHNetworkTests.framework */,
				13CEFDD2914150DC7136A87A /* Pods_JHNetworkUITests.framework */,
			);
			name = Frameworks;
			sourceTree = "<group>";
		};
/* End PBXGroup section */

/* Begin PBXNativeTarget section */
		BB78032D1E5C735A00A5920B /* JHNetwork */ = {
			isa = PBXNativeTarget;
			buildConfigurationList = BB7803561E5C735A00A5920B /* Build configuration list for PBXNativeTarget "JHNetwork" */;
			buildPhases = (
				7380D707F4F8EFB8229E5F2B /* [CP] Check Pods Manifest.lock */,
				BB78032A1E5C735A00A5920B /* Sources */,
				BB78032B1E5C735A00A5920B /* Frameworks */,
				BB78032C1E5C735A00A5920B /* Resources */,
				985A740B1EE535A10ADC2776 /* [CP] Embed Pods Frameworks */,
				BBAAB1781E5DE29F00E7C8D5 /* Embed Frameworks */,
			);
			buildRules = (
			);
			dependencies = (
			);
			name = JHNetwork;
			productName = JHNetwork;
			productReference = BB78032E1E5C735A00A5920B /* JHNetwork.app */;
			productType = "com.apple.product-type.application";
		};
		BB7803411E5C735A00A5920B /* JHNetworkTests */ = {
			isa = PBXNativeTarget;
			buildConfigurationList = BB7803591E5C735A00A5920B /* Build configuration list for PBXNativeTarget "JHNetworkTests" */;
			buildPhases = (
				BB78033E1E5C735A00A5920B /* Sources */,
				BB78033F1E5C735A00A5920B /* Frameworks */,
				BB7803401E5C735A00A5920B /* Resources */,
			);
			buildRules = (
			);
			dependencies = (
				BB7803441E5C735A00A5920B /* PBXTargetDependency */,
			);
			name = JHNetworkTests;
			productName = JHNetworkTests;
			productReference = BB7803421E5C735A00A5920B /* JHNetworkTests.xctest */;
			productType = "com.apple.product-type.bundle.unit-test";
		};
		BB78034C1E5C735A00A5920B /* JHNetworkUITests */ = {
			isa = PBXNativeTarget;
			buildConfigurationList = BB78035C1E5C735A00A5920B /* Build configuration list for PBXNativeTarget "JHNetworkUITests" */;
			buildPhases = (
				BB7803491E5C735A00A5920B /* Sources */,
				BB78034A1E5C735A00A5920B /* Frameworks */,
				BB78034B1E5C735A00A5920B /* Resources */,
			);
			buildRules = (
			);
			dependencies = (
				BB78034F1E5C735A00A5920B /* PBXTargetDependency */,
			);
			name = JHNetworkUITests;
			productName = JHNetworkUITests;
			productReference = BB78034D1E5C735A00A5920B /* JHNetworkUITests.xctest */;
			productType = "com.apple.product-type.bundle.ui-testing";
		};
/* End PBXNativeTarget section */

/* Begin PBXProject section */
		BB7803261E5C735A00A5920B /* Project object */ = {
			isa = PBXProject;
			attributes = {
				BuildIndependentTargetsInParallel = YES;
				LastSwiftUpdateCheck = 0820;
				LastUpgradeCheck = 1430;
				ORGANIZATIONNAME = com.wujh;
				TargetAttributes = {
					BB78032D1E5C735A00A5920B = {
						CreatedOnToolsVersion = 8.2.1;
						LastSwiftMigration = 0820;
						ProvisioningStyle = Automatic;
					};
					BB7803411E5C735A00A5920B = {
						CreatedOnToolsVersion = 8.2.1;
						ProvisioningStyle = Automatic;
						TestTargetID = BB78032D1E5C735A00A5920B;
					};
					BB78034C1E5C735A00A5920B = {
						CreatedOnToolsVersion = 8.2.1;
						ProvisioningStyle = Automatic;
						TestTargetID = BB78032D1E5C735A00A5920B;
					};
				};
			};
			buildConfigurationList = BB7803291E5C735A00A5920B /* Build configuration list for PBXProject "JHNetwork" */;
			compatibilityVersion = "Xcode 3.2";
			developmentRegion = en;
			hasScannedForEncodings = 0;
			knownRegions = (
				en,
				Base,
			);
			mainGroup = BB7803251E5C735A00A5920B;
			productRefGroup = BB78032F1E5C735A00A5920B /* Products */;
			projectDirPath = "";
			projectRoot = "";
			targets = (
				BB78032D1E5C735A00A5920B /* JHNetwork */,
				BB7803411E5C735A00A5920B /* JHNetworkTests */,
				BB78034C1E5C735A00A5920B /* JHNetworkUITests */,
			);
		};
/* End PBXProject section */

/* Begin PBXResourcesBuildPhase section */
		BB78032C1E5C735A00A5920B /* Resources */ = {
			isa = PBXResourcesBuildPhase;
			buildActionMask = 2147483647;
			files = (
				BB78033C1E5C735A00A5920B /* LaunchScreen.storyboard in Resources */,
				BB7803391E5C735A00A5920B /* Assets.xcassets in Resources */,
				BB7803371E5C735A00A5920B /* Main.storyboard in Resources */,
				BB7C8FD61F18A96C0075F795 /* star@2x.png in Resources */,
			);
			runOnlyForDeploymentPostprocessing = 0;
		};
		BB7803401E5C735A00A5920B /* Resources */ = {
			isa = PBXResourcesBuildPhase;
			buildActionMask = 2147483647;
			files = (
			);
			runOnlyForDeploymentPostprocessing = 0;
		};
		BB78034B1E5C735A00A5920B /* Resources */ = {
			isa = PBXResourcesBuildPhase;
			buildActionMask = 2147483647;
			files = (
			);
			runOnlyForDeploymentPostprocessing = 0;
		};
/* End PBXResourcesBuildPhase section */

/* Begin PBXShellScriptBuildPhase section */
		7380D707F4F8EFB8229E5F2B /* [CP] Check Pods Manifest.lock */ = {
			isa = PBXShellScriptBuildPhase;
			buildActionMask = 2147483647;
			files = (
			);
			inputPaths = (
				"${PODS_PODFILE_DIR_PATH}/Podfile.lock",
				"${PODS_ROOT}/Manifest.lock",
			);
			name = "[CP] Check Pods Manifest.lock";
			outputPaths = (
				"$(DERIVED_FILE_DIR)/Pods-JHNetwork-checkManifestLockResult.txt",
			);
			runOnlyForDeploymentPostprocessing = 0;
			shellPath = /bin/sh;
			shellScript = "diff \"${PODS_PODFILE_DIR_PATH}/Podfile.lock\" \"${PODS_ROOT}/Manifest.lock\" > /dev/null\nif [ $? != 0 ] ; then\n    # print error to STDERR\n    echo \"error: The sandbox is not in sync with the Podfile.lock. Run 'pod install' or update your CocoaPods installation.\" >&2\n    exit 1\nfi\n# This output is used by Xcode 'outputs' to avoid re-running this script phase.\necho \"SUCCESS\" > \"${SCRIPT_OUTPUT_FILE_0}\"\n";
			showEnvVarsInLog = 0;
		};
		985A740B1EE535A10ADC2776 /* [CP] Embed Pods Frameworks */ = {
			isa = PBXShellScriptBuildPhase;
			buildActionMask = 2147483647;
			files = (
			);
			inputPaths = (
				"${PODS_ROOT}/Target Support Files/Pods-JHNetwork/Pods-JHNetwork-frameworks.sh",
				"${BUILT_PRODUCTS_DIR}/Alamofire/Alamofire.framework",
			);
			name = "[CP] Embed Pods Frameworks";
			outputPaths = (
				"${TARGET_BUILD_DIR}/${FRAMEWORKS_FOLDER_PATH}/Alamofire.framework",
			);
			runOnlyForDeploymentPostprocessing = 0;
			shellPath = /bin/sh;
			shellScript = "\"${PODS_ROOT}/Target Support Files/Pods-JHNetwork/Pods-JHNetwork-frameworks.sh\"\n";
			showEnvVarsInLog = 0;
		};
/* End PBXShellScriptBuildPhase section */

/* Begin PBXSourcesBuildPhase section */
		BB78032A1E5C735A00A5920B /* Sources */ = {
			isa = PBXSourcesBuildPhase;
			buildActionMask = 2147483647;
			files = (
				BB7803341E5C735A00A5920B /* ViewController.swift in Sources */,
				BB7803611E5C73E800A5920B /* JHNetwork.swift in Sources */,
				BB7803321E5C735A00A5920B /* AppDelegate.swift in Sources */,
				BB80C8552A56719900A370AB /* DemoResp.swift in Sources */,
			);
			runOnlyForDeploymentPostprocessing = 0;
		};
		BB78033E1E5C735A00A5920B /* Sources */ = {
			isa = PBXSourcesBuildPhase;
			buildActionMask = 2147483647;
			files = (
			);
			runOnlyForDeploymentPostprocessing = 0;
		};
		BB7803491E5C735A00A5920B /* Sources */ = {
			isa = PBXSourcesBuildPhase;
			buildActionMask = 2147483647;
			files = (
			);
			runOnlyForDeploymentPostprocessing = 0;
		};
/* End PBXSourcesBuildPhase section */

/* Begin PBXTargetDependency section */
		BB7803441E5C735A00A5920B /* PBXTargetDependency */ = {
			isa = PBXTargetDependency;
			target = BB78032D1E5C735A00A5920B /* JHNetwork */;
			targetProxy = BB7803431E5C735A00A5920B /* PBXContainerItemProxy */;
		};
		BB78034F1E5C735A00A5920B /* PBXTargetDependency */ = {
			isa = PBXTargetDependency;
			target = BB78032D1E5C735A00A5920B /* JHNetwork */;
			targetProxy = BB78034E1E5C735A00A5920B /* PBXContainerItemProxy */;
		};
/* End PBXTargetDependency section */

/* Begin PBXVariantGroup section */
		BB7803351E5C735A00A5920B /* Main.storyboard */ = {
			isa = PBXVariantGroup;
			children = (
				BB7803361E5C735A00A5920B /* Base */,
			);
			name = Main.storyboard;
			sourceTree = "<group>";
		};
		BB78033A1E5C735A00A5920B /* LaunchScreen.storyboard */ = {
			isa = PBXVariantGroup;
			children = (
				BB78033B1E5C735A00A5920B /* Base */,
			);
			name = LaunchScreen.storyboard;
			sourceTree = "<group>";
		};
/* End PBXVariantGroup section */

/* Begin XCBuildConfiguration section */
		BB7803541E5C735A00A5920B /* Debug */ = {
			isa = XCBuildConfiguration;
			buildSettings = {
				ALWAYS_SEARCH_USER_PATHS = NO;
				CLANG_ANALYZER_LOCALIZABILITY_NONLOCALIZED = YES;
				CLANG_ANALYZER_NONNULL = YES;
				CLANG_CXX_LANGUAGE_STANDARD = "gnu++0x";
				CLANG_CXX_LIBRARY = "libc++";
				CLANG_ENABLE_MODULES = YES;
				CLANG_ENABLE_OBJC_ARC = YES;
				CLANG_WARN_BLOCK_CAPTURE_AUTORELEASING = YES;
				CLANG_WARN_BOOL_CONVERSION = YES;
				CLANG_WARN_COMMA = YES;
				CLANG_WARN_CONSTANT_CONVERSION = YES;
				CLANG_WARN_DEPRECATED_OBJC_IMPLEMENTATIONS = YES;
				CLANG_WARN_DIRECT_OBJC_ISA_USAGE = YES_ERROR;
				CLANG_WARN_DOCUMENTATION_COMMENTS = YES;
				CLANG_WARN_EMPTY_BODY = YES;
				CLANG_WARN_ENUM_CONVERSION = YES;
				CLANG_WARN_INFINITE_RECURSION = YES;
				CLANG_WARN_INT_CONVERSION = YES;
				CLANG_WARN_NON_LITERAL_NULL_CONVERSION = YES;
				CLANG_WARN_OBJC_IMPLICIT_RETAIN_SELF = YES;
				CLANG_WARN_OBJC_LITERAL_CONVERSION = YES;
				CLANG_WARN_OBJC_ROOT_CLASS = YES_ERROR;
				CLANG_WARN_QUOTED_INCLUDE_IN_FRAMEWORK_HEADER = YES;
				CLANG_WARN_RANGE_LOOP_ANALYSIS = YES;
				CLANG_WARN_STRICT_PROTOTYPES = YES;
				CLANG_WARN_SUSPICIOUS_MOVE = YES;
				CLANG_WARN_UNREACHABLE_CODE = YES;
				CLANG_WARN__DUPLICATE_METHOD_MATCH = YES;
				"CODE_SIGN_IDENTITY[sdk=iphoneos*]" = "iPhone Developer";
				COPY_PHASE_STRIP = NO;
				DEBUG_INFORMATION_FORMAT = dwarf;
				ENABLE_STRICT_OBJC_MSGSEND = YES;
				ENABLE_TESTABILITY = YES;
				GCC_C_LANGUAGE_STANDARD = gnu99;
				GCC_DYNAMIC_NO_PIC = NO;
				GCC_NO_COMMON_BLOCKS = YES;
				GCC_OPTIMIZATION_LEVEL = 0;
				GCC_PREPROCESSOR_DEFINITIONS = (
					"DEBUG=1",
					"$(inherited)",
				);
				GCC_WARN_64_TO_32_BIT_CONVERSION = YES;
				GCC_WARN_ABOUT_RETURN_TYPE = YES_ERROR;
				GCC_WARN_UNDECLARED_SELECTOR = YES;
				GCC_WARN_UNINITIALIZED_AUTOS = YES_AGGRESSIVE;
				GCC_WARN_UNUSED_FUNCTION = YES;
				GCC_WARN_UNUSED_VARIABLE = YES;
				IPHONEOS_DEPLOYMENT_TARGET = 13.0;
				MTL_ENABLE_DEBUG_INFO = YES;
				ONLY_ACTIVE_ARCH = YES;
				SDKROOT = iphoneos;
				SWIFT_ACTIVE_COMPILATION_CONDITIONS = DEBUG;
				SWIFT_OPTIMIZATION_LEVEL = "-Onone";
				TARGETED_DEVICE_FAMILY = "1,2";
			};
			name = Debug;
		};
		BB7803551E5C735A00A5920B /* Release */ = {
			isa = XCBuildConfiguration;
			buildSettings = {
				ALWAYS_SEARCH_USER_PATHS = NO;
				CLANG_ANALYZER_LOCALIZABILITY_NONLOCALIZED = YES;
				CLANG_ANALYZER_NONNULL = YES;
				CLANG_CXX_LANGUAGE_STANDARD = "gnu++0x";
				CLANG_CXX_LIBRARY = "libc++";
				CLANG_ENABLE_MODULES = YES;
				CLANG_ENABLE_OBJC_ARC = YES;
				CLANG_WARN_BLOCK_CAPTURE_AUTORELEASING = YES;
				CLANG_WARN_BOOL_CONVERSION = YES;
				CLANG_WARN_COMMA = YES;
				CLANG_WARN_CONSTANT_CONVERSION = YES;
				CLANG_WARN_DEPRECATED_OBJC_IMPLEMENTATIONS = YES;
				CLANG_WARN_DIRECT_OBJC_ISA_USAGE = YES_ERROR;
				CLANG_WARN_DOCUMENTATION_COMMENTS = YES;
				CLANG_WARN_EMPTY_BODY = YES;
				CLANG_WARN_ENUM_CONVERSION = YES;
				CLANG_WARN_INFINITE_RECURSION = YES;
				CLANG_WARN_INT_CONVERSION = YES;
				CLANG_WARN_NON_LITERAL_NULL_CONVERSION = YES;
				CLANG_WARN_OBJC_IMPLICIT_RETAIN_SELF = YES;
				CLANG_WARN_OBJC_LITERAL_CONVERSION = YES;
				CLANG_WARN_OBJC_ROOT_CLASS = YES_ERROR;
				CLANG_WARN_QUOTED_INCLUDE_IN_FRAMEWORK_HEADER = YES;
				CLANG_WARN_RANGE_LOOP_ANALYSIS = YES;
				CLANG_WARN_STRICT_PROTOTYPES = YES;
				CLANG_WARN_SUSPICIOUS_MOVE = YES;
				CLANG_WARN_UNREACHABLE_CODE = YES;
				CLANG_WARN__DUPLICATE_METHOD_MATCH = YES;
				"CODE_SIGN_IDENTITY[sdk=iphoneos*]" = "iPhone Developer";
				COPY_PHASE_STRIP = NO;
				DEBUG_INFORMATION_FORMAT = "dwarf-with-dsym";
				ENABLE_NS_ASSERTIONS = NO;
				ENABLE_STRICT_OBJC_MSGSEND = YES;
				GCC_C_LANGUAGE_STANDARD = gnu99;
				GCC_NO_COMMON_BLOCKS = YES;
				GCC_WARN_64_TO_32_BIT_CONVERSION = YES;
				GCC_WARN_ABOUT_RETURN_TYPE = YES_ERROR;
				GCC_WARN_UNDECLARED_SELECTOR = YES;
				GCC_WARN_UNINITIALIZED_AUTOS = YES_AGGRESSIVE;
				GCC_WARN_UNUSED_FUNCTION = YES;
				GCC_WARN_UNUSED_VARIABLE = YES;
				IPHONEOS_DEPLOYMENT_TARGET = 13.0;
				MTL_ENABLE_DEBUG_INFO = NO;
				SDKROOT = iphoneos;
				SWIFT_COMPILATION_MODE = wholemodule;
				SWIFT_OPTIMIZATION_LEVEL = "-O";
				TARGETED_DEVICE_FAMILY = "1,2";
				VALIDATE_PRODUCT = YES;
			};
			name = Release;
		};
		BB7803571E5C735A00A5920B /* Debug */ = {
			isa = XCBuildConfiguration;
			baseConfigurationReference = 92E9B3EF3EA2822EA1F93CF7 /* Pods-JHNetwork.debug.xcconfig */;
			buildSettings = {
				ASSETCATALOG_COMPILER_APPICON_NAME = AppIcon;
				CLANG_ENABLE_MODULES = YES;
				DEVELOPMENT_TEAM = 3HP62AD64L;
				FRAMEWORK_SEARCH_PATHS = "$(inherited)";
				INFOPLIST_FILE = JHNetwork/Info.plist;
				IPHONEOS_DEPLOYMENT_TARGET = 13.0;
				LD_RUNPATH_SEARCH_PATHS = (
					"$(inherited)",
					"@executable_path/Frameworks",
				);
				OTHER_SWIFT_FLAGS = "$(inherited) \"-D\" \"COCOAPODS\" -D DEBUG";
				PRODUCT_BUNDLE_IDENTIFIER = jonhory.JHNetwork;
				PRODUCT_NAME = "$(TARGET_NAME)";
				SWIFT_OBJC_BRIDGING_HEADER = "JHNetwork/JHNetwork-Bridging-Header.h";
				SWIFT_OPTIMIZATION_LEVEL = "-Onone";
				SWIFT_VERSION = 5.0;
			};
			name = Debug;
		};
		BB7803581E5C735A00A5920B /* Release */ = {
			isa = XCBuildConfiguration;
			baseConfigurationReference = A132FC577B0133B0341A4B8D /* Pods-JHNetwork.release.xcconfig */;
			buildSettings = {
				ASSETCATALOG_COMPILER_APPICON_NAME = AppIcon;
				CLANG_ENABLE_MODULES = YES;
				DEVELOPMENT_TEAM = 3HP62AD64L;
				FRAMEWORK_SEARCH_PATHS = "$(inherited)";
				INFOPLIST_FILE = JHNetwork/Info.plist;
				IPHONEOS_DEPLOYMENT_TARGET = 13.0;
				LD_RUNPATH_SEARCH_PATHS = (
					"$(inherited)",
					"@executable_path/Frameworks",
				);
				OTHER_SWIFT_FLAGS = "$(inherited) \"-D\" \"COCOAPODS\" -D DEBUG";
				PRODUCT_BUNDLE_IDENTIFIER = jonhory.JHNetwork;
				PRODUCT_NAME = "$(TARGET_NAME)";
				SWIFT_OBJC_BRIDGING_HEADER = "JHNetwork/JHNetwork-Bridging-Header.h";
				SWIFT_VERSION = 5.0;
			};
			name = Release;
		};
		BB78035A1E5C735A00A5920B /* Debug */ = {
			isa = XCBuildConfiguration;
			buildSettings = {
				ALWAYS_EMBED_SWIFT_STANDARD_LIBRARIES = YES;
				BUNDLE_LOADER = "$(TEST_HOST)";
				INFOPLIST_FILE = JHNetworkTests/Info.plist;
				LD_RUNPATH_SEARCH_PATHS = (
					"$(inherited)",
					"@executable_path/Frameworks",
					"@loader_path/Frameworks",
				);
				PRODUCT_BUNDLE_IDENTIFIER = jonhory.JHNetworkTests;
				PRODUCT_NAME = "$(TARGET_NAME)";
				SWIFT_VERSION = 5.0;
				TEST_HOST = "$(BUILT_PRODUCTS_DIR)/JHNetwork.app/JHNetwork";
			};
			name = Debug;
		};
		BB78035B1E5C735A00A5920B /* Release */ = {
			isa = XCBuildConfiguration;
			buildSettings = {
				ALWAYS_EMBED_SWIFT_STANDARD_LIBRARIES = YES;
				BUNDLE_LOADER = "$(TEST_HOST)";
				INFOPLIST_FILE = JHNetworkTests/Info.plist;
				LD_RUNPATH_SEARCH_PATHS = (
					"$(inherited)",
					"@executable_path/Frameworks",
					"@loader_path/Frameworks",
				);
				PRODUCT_BUNDLE_IDENTIFIER = jonhory.JHNetworkTests;
				PRODUCT_NAME = "$(TARGET_NAME)";
				SWIFT_VERSION = 5.0;
				TEST_HOST = "$(BUILT_PRODUCTS_DIR)/JHNetwork.app/JHNetwork";
			};
			name = Release;
		};
		BB78035D1E5C735A00A5920B /* Debug */ = {
			isa = XCBuildConfiguration;
			buildSettings = {
				ALWAYS_EMBED_SWIFT_STANDARD_LIBRARIES = YES;
				INFOPLIST_FILE = JHNetworkUITests/Info.plist;
				LD_RUNPATH_SEARCH_PATHS = (
					"$(inherited)",
					"@executable_path/Frameworks",
					"@loader_path/Frameworks",
				);
				PRODUCT_BUNDLE_IDENTIFIER = jonhory.JHNetworkUITests;
				PRODUCT_NAME = "$(TARGET_NAME)";
				SWIFT_VERSION = 3.0;
				TEST_TARGET_NAME = JHNetwork;
			};
			name = Debug;
		};
		BB78035E1E5C735A00A5920B /* Release */ = {
			isa = XCBuildConfiguration;
			buildSettings = {
				ALWAYS_EMBED_SWIFT_STANDARD_LIBRARIES = YES;
				INFOPLIST_FILE = JHNetworkUITests/Info.plist;
				LD_RUNPATH_SEARCH_PATHS = (
					"$(inherited)",
					"@executable_path/Frameworks",
					"@loader_path/Frameworks",
				);
				PRODUCT_BUNDLE_IDENTIFIER = jonhory.JHNetworkUITests;
				PRODUCT_NAME = "$(TARGET_NAME)";
				SWIFT_VERSION = 3.0;
				TEST_TARGET_NAME = JHNetwork;
			};
			name = Release;
		};
/* End XCBuildConfiguration section */

/* Begin XCConfigurationList section */
		BB7803291E5C735A00A5920B /* Build configuration list for PBXProject "JHNetwork" */ = {
			isa = XCConfigurationList;
			buildConfigurations = (
				BB7803541E5C735A00A5920B /* Debug */,
				BB7803551E5C735A00A5920B /* Release */,
			);
			defaultConfigurationIsVisible = 0;
			defaultConfigurationName = Release;
		};
		BB7803561E5C735A00A5920B /* Build configuration list for PBXNativeTarget "JHNetwork" */ = {
			isa = XCConfigurationList;
			buildConfigurations = (
				BB7803571E5C735A00A5920B /* Debug */,
				BB7803581E5C735A00A5920B /* Release */,
			);
			defaultConfigurationIsVisible = 0;
			defaultConfigurationName = Release;
		};
		BB7803591E5C735A00A5920B /* Build configuration list for PBXNativeTarget "JHNetworkTests" */ = {
			isa = XCConfigurationList;
			buildConfigurations = (
				BB78035A1E5C735A00A5920B /* Debug */,
				BB78035B1E5C735A00A5920B /* Release */,
			);
			defaultConfigurationIsVisible = 0;
			defaultConfigurationName = Release;
		};
		BB78035C1E5C735A00A5920B /* Build configuration list for PBXNativeTarget "JHNetworkUITests" */ = {
			isa = XCConfigurationList;
			buildConfigurations = (
				BB78035D1E5C735A00A5920B /* Debug */,
				BB78035E1E5C735A00A5920B /* Release */,
			);
			defaultConfigurationIsVisible = 0;
			defaultConfigurationName = Release;
		};
/* End XCConfigurationList section */
	};
	rootObject = BB7803261E5C735A00A5920B /* Project object */;
}
